// !$*UTF8*$!
{
	archiveVersion = 1;
	classes = {
	};
	objectVersion = 54;
	objects = {

/* Begin PBXBuildFile section */
		0059A6FAA82F4F1F1C73AB32 /* libPods-MicroBlog_RN-MicroBlog_Share.a in Frameworks */ = {isa = PBXBuildFile; fileRef = 156D7347EAC1139B8679B1FD /* libPods-MicroBlog_RN-MicroBlog_Share.a */; };
		0221AB2A29D42C1500838597 /* MainInterface.storyboard in Resources */ = {isa = PBXBuildFile; fileRef = 0221AB2829D42C1500838597 /* MainInterface.storyboard */; };
		0221AB2E29D42C1500838597 /* MicroBlog_Share.appex in Embed Foundation Extensions */ = {isa = PBXBuildFile; fileRef = 0221AB2429D42C1500838597 /* MicroBlog_Share.appex */; settings = {ATTRIBUTES = (RemoveHeadersOnCopy, ); }; };
		0221AB3529D42CE500838597 /* ShareViewController.swift in Sources */ = {isa = PBXBuildFile; fileRef = 0221AB3429D42CE500838597 /* ShareViewController.swift */; };
		0221AB3829D4327B00838597 /* ReactShareViewController.swift in Sources */ = {isa = PBXBuildFile; fileRef = 0221AB3729D4327B00838597 /* ReactShareViewController.swift */; };
		0251EE462716191A00B475D5 /* File.swift in Sources */ = {isa = PBXBuildFile; fileRef = 0251EE452716191A00B475D5 /* File.swift */; };
		02A72C7C2C2AB086006EF653 /* PrivacyInfo.xcprivacy in Resources */ = {isa = PBXBuildFile; fileRef = 02A72C7B2C2AB086006EF653 /* PrivacyInfo.xcprivacy */; };
		02A72C7D2C2AB086006EF653 /* PrivacyInfo.xcprivacy in Resources */ = {isa = PBXBuildFile; fileRef = 02A72C7B2C2AB086006EF653 /* PrivacyInfo.xcprivacy */; };
		13B07FBF1A68108700A75B9A /* Images.xcassets in Resources */ = {isa = PBXBuildFile; fileRef = 13B07FB51A68108700A75B9A /* Images.xcassets */; };
		2837C73874E55DEB2797484F /* ExpoModulesProvider.swift in Sources */ = {isa = PBXBuildFile; fileRef = 961AB331816A548D082E9A56 /* ExpoModulesProvider.swift */; };
		28E40035B1E151C13639876C /* ExpoModulesProvider.swift in Sources */ = {isa = PBXBuildFile; fileRef = ADCF007C5134030FD80BBAC8 /* ExpoModulesProvider.swift */; };
		4B06FCA829FABD0800E97371 /* UIScrollViewDelegate+Zooming.m in Sources */ = {isa = PBXBuildFile; fileRef = 4B06FCA729FABD0800E97371 /* UIScrollViewDelegate+Zooming.m */; };
		4B1233D429ECCC0100174307 /* MBHighlightingTextManager.m in Sources */ = {isa = PBXBuildFile; fileRef = 4B1233D329ECCC0100174307 /* MBHighlightingTextManager.m */; };
		4B1233D729ECD7D200174307 /* MBHighlightingTextStorage.m in Sources */ = {isa = PBXBuildFile; fileRef = 4B1233D529ECD7D200174307 /* MBHighlightingTextStorage.m */; };
		4B1233D829ECD7D200174307 /* MBHighlightingTextStorage.m in Sources */ = {isa = PBXBuildFile; fileRef = 4B1233D529ECD7D200174307 /* MBHighlightingTextStorage.m */; };
		4B3498672AE86AA900233BA2 /* RCTInputAccessoryShadowView.m in Sources */ = {isa = PBXBuildFile; fileRef = 4B3498662AE86AA900233BA2 /* RCTInputAccessoryShadowView.m */; };
		4B3498682AE86AA900233BA2 /* RCTInputAccessoryShadowView.m in Sources */ = {isa = PBXBuildFile; fileRef = 4B3498662AE86AA900233BA2 /* RCTInputAccessoryShadowView.m */; };
		4B719C392E63B0D6006D4E7D /* UIBarButtonItem+Plainify.m in Sources */ = {isa = PBXBuildFile; fileRef = 4B719C382E63B0D6006D4E7D /* UIBarButtonItem+Plainify.m */; };
		4B719C3A2E63B0D6006D4E7D /* UIBarButtonItem+Plainify.m in Sources */ = {isa = PBXBuildFile; fileRef = 4B719C382E63B0D6006D4E7D /* UIBarButtonItem+Plainify.m */; };
		4B7619D129EC9E7A0030A495 /* MBHighlightingTextView.m in Sources */ = {isa = PBXBuildFile; fileRef = 4B7619D029EC9E7A0030A495 /* MBHighlightingTextView.m */; };
		4B7619D229EC9E7A0030A495 /* MBHighlightingTextView.m in Sources */ = {isa = PBXBuildFile; fileRef = 4B7619D029EC9E7A0030A495 /* MBHighlightingTextView.m */; };
		4B8CE8AB2A1FCC69006D79CF /* GetURL.js in Resources */ = {isa = PBXBuildFile; fileRef = 4B8CE8AA2A1FCC69006D79CF /* GetURL.js */; };
		4BAA745E2A24E56500953D91 /* MBHighlightingTextManager.m in Sources */ = {isa = PBXBuildFile; fileRef = 4B1233D329ECCC0100174307 /* MBHighlightingTextManager.m */; };
		4BAA745F2A24E78700953D91 /* Images.xcassets in Resources */ = {isa = PBXBuildFile; fileRef = 13B07FB51A68108700A75B9A /* Images.xcassets */; };
		4BB0A4602DFCA4DC00900B0B /* MBClipboardHelper.m in Sources */ = {isa = PBXBuildFile; fileRef = 4BB0A45F2DFCA4DC00900B0B /* MBClipboardHelper.m */; };
		4BB0A4612DFCA4DC00900B0B /* MBClipboardHelper.m in Sources */ = {isa = PBXBuildFile; fileRef = 4BB0A45F2DFCA4DC00900B0B /* MBClipboardHelper.m */; };
		81AB9BB82411601600AC10FF /* LaunchScreen.storyboard in Resources */ = {isa = PBXBuildFile; fileRef = 81AB9BB72411601600AC10FF /* LaunchScreen.storyboard */; };
		8C619CFF939F9E33E65A6DAA /* libPods-MicroBlog_RN.a in Frameworks */ = {isa = PBXBuildFile; fileRef = 7A1AD34313DED25C45B534DA /* libPods-MicroBlog_RN.a */; };
		BF76CC3E2E8E980900F61FC2 /* AppDelegate.swift in Sources */ = {isa = PBXBuildFile; fileRef = BF76CC3D2E8E980900F61FC2 /* AppDelegate.swift */; };
/* End PBXBuildFile section */

/* Begin PBXContainerItemProxy section */
		0221AB2C29D42C1500838597 /* PBXContainerItemProxy */ = {
			isa = PBXContainerItemProxy;
			containerPortal = 83CBB9F71A601CBA00E9B192 /* Project object */;
			proxyType = 1;
			remoteGlobalIDString = 0221AB2329D42C1500838597;
			remoteInfo = MicroBlog_Share;
		};
/* End PBXContainerItemProxy section */

/* Begin PBXCopyFilesBuildPhase section */
		0221AB3229D42C1500838597 /* Embed Foundation Extensions */ = {
			isa = PBXCopyFilesBuildPhase;
			buildActionMask = 2147483647;
			dstPath = "";
			dstSubfolderSpec = 13;
			files = (
				0221AB2E29D42C1500838597 /* MicroBlog_Share.appex in Embed Foundation Extensions */,
			);
			name = "Embed Foundation Extensions";
			runOnlyForDeploymentPostprocessing = 0;
		};
/* End PBXCopyFilesBuildPhase section */

/* Begin PBXFileReference section */
		0221AB2429D42C1500838597 /* MicroBlog_Share.appex */ = {isa = PBXFileReference; explicitFileType = "wrapper.app-extension"; includeInIndex = 0; path = MicroBlog_Share.appex; sourceTree = BUILT_PRODUCTS_DIR; };
		0221AB2929D42C1500838597 /* Base */ = {isa = PBXFileReference; lastKnownFileType = file.storyboard; name = Base; path = Base.lproj/MainInterface.storyboard; sourceTree = "<group>"; };
		0221AB2B29D42C1500838597 /* Info.plist */ = {isa = PBXFileReference; lastKnownFileType = text.plist.xml; path = Info.plist; sourceTree = "<group>"; };
		0221AB3329D42CE400838597 /* MicroBlog_Share-Bridging-Header.h */ = {isa = PBXFileReference; lastKnownFileType = sourcecode.c.h; path = "MicroBlog_Share-Bridging-Header.h"; sourceTree = "<group>"; };
		0221AB3429D42CE500838597 /* ShareViewController.swift */ = {isa = PBXFileReference; fileEncoding = 4; lastKnownFileType = sourcecode.swift; name = ShareViewController.swift; path = "../../node_modules/react-native-share-menu/ios/ShareViewController.swift"; sourceTree = "<group>"; };
		0221AB3629D4307300838597 /* MicroBlog_Share.entitlements */ = {isa = PBXFileReference; lastKnownFileType = text.plist.entitlements; path = MicroBlog_Share.entitlements; sourceTree = "<group>"; };
		0221AB3729D4327B00838597 /* ReactShareViewController.swift */ = {isa = PBXFileReference; fileEncoding = 4; lastKnownFileType = sourcecode.swift; name = ReactShareViewController.swift; path = "../../node_modules/react-native-share-menu/ios/ReactShareViewController.swift"; sourceTree = "<group>"; };
		0251EE442716191900B475D5 /* MicroBlog_RN-Bridging-Header.h */ = {isa = PBXFileReference; lastKnownFileType = sourcecode.c.h; path = "MicroBlog_RN-Bridging-Header.h"; sourceTree = "<group>"; };
		0251EE452716191A00B475D5 /* File.swift */ = {isa = PBXFileReference; lastKnownFileType = sourcecode.swift; path = File.swift; sourceTree = "<group>"; };
		02A72C7B2C2AB086006EF653 /* PrivacyInfo.xcprivacy */ = {isa = PBXFileReference; lastKnownFileType = text.xml; path = PrivacyInfo.xcprivacy; sourceTree = "<group>"; };
		02F5714D28C028CD0055509F /* MicroBlog_RN.entitlements */ = {isa = PBXFileReference; lastKnownFileType = text.plist.entitlements; name = MicroBlog_RN.entitlements; path = MicroBlog_RN/MicroBlog_RN.entitlements; sourceTree = "<group>"; };
		13B07F961A680F5B00A75B9A /* MicroBlog_RN.app */ = {isa = PBXFileReference; explicitFileType = wrapper.application; includeInIndex = 0; path = MicroBlog_RN.app; sourceTree = BUILT_PRODUCTS_DIR; };
		13B07FB51A68108700A75B9A /* Images.xcassets */ = {isa = PBXFileReference; lastKnownFileType = folder.assetcatalog; name = Images.xcassets; path = MicroBlog_RN/Images.xcassets; sourceTree = "<group>"; };
		13B07FB61A68108700A75B9A /* Info.plist */ = {isa = PBXFileReference; fileEncoding = 4; lastKnownFileType = text.plist.xml; name = Info.plist; path = MicroBlog_RN/Info.plist; sourceTree = "<group>"; };
		156D7347EAC1139B8679B1FD /* libPods-MicroBlog_RN-MicroBlog_Share.a */ = {isa = PBXFileReference; explicitFileType = archive.ar; includeInIndex = 0; path = "libPods-MicroBlog_RN-MicroBlog_Share.a"; sourceTree = BUILT_PRODUCTS_DIR; };
		47E9C7DD11A09B7944E82B75 /* Pods-MicroBlog_RN.debug.xcconfig */ = {isa = PBXFileReference; includeInIndex = 1; lastKnownFileType = text.xcconfig; name = "Pods-MicroBlog_RN.debug.xcconfig"; path = "Target Support Files/Pods-MicroBlog_RN/Pods-MicroBlog_RN.debug.xcconfig"; sourceTree = "<group>"; };
		4B06FCA629FABD0800E97371 /* UIScrollViewDelegate+Zooming.h */ = {isa = PBXFileReference; lastKnownFileType = sourcecode.c.h; name = "UIScrollViewDelegate+Zooming.h"; path = "MicroBlog_RN/UIScrollViewDelegate+Zooming.h"; sourceTree = "<group>"; };
		4B06FCA729FABD0800E97371 /* UIScrollViewDelegate+Zooming.m */ = {isa = PBXFileReference; lastKnownFileType = sourcecode.c.objc; name = "UIScrollViewDelegate+Zooming.m"; path = "MicroBlog_RN/UIScrollViewDelegate+Zooming.m"; sourceTree = "<group>"; };
		4B1233D229ECCC0100174307 /* MBHighlightingTextManager.h */ = {isa = PBXFileReference; lastKnownFileType = sourcecode.c.h; name = MBHighlightingTextManager.h; path = MicroBlog_RN/MBHighlightingTextManager.h; sourceTree = "<group>"; };
		4B1233D329ECCC0100174307 /* MBHighlightingTextManager.m */ = {isa = PBXFileReference; lastKnownFileType = sourcecode.c.objc; name = MBHighlightingTextManager.m; path = MicroBlog_RN/MBHighlightingTextManager.m; sourceTree = "<group>"; };
		4B1233D529ECD7D200174307 /* MBHighlightingTextStorage.m */ = {isa = PBXFileReference; fileEncoding = 4; lastKnownFileType = sourcecode.c.objc; name = MBHighlightingTextStorage.m; path = MicroBlog_RN/MBHighlightingTextStorage.m; sourceTree = "<group>"; };
		4B1233D629ECD7D200174307 /* MBHighlightingTextStorage.h */ = {isa = PBXFileReference; fileEncoding = 4; lastKnownFileType = sourcecode.c.h; name = MBHighlightingTextStorage.h; path = MicroBlog_RN/MBHighlightingTextStorage.h; sourceTree = "<group>"; };
		4B3498652AE86AA900233BA2 /* RCTInputAccessoryShadowView.h */ = {isa = PBXFileReference; lastKnownFileType = sourcecode.c.h; name = RCTInputAccessoryShadowView.h; path = MicroBlog_RN/RCTInputAccessoryShadowView.h; sourceTree = "<group>"; };
		4B3498662AE86AA900233BA2 /* RCTInputAccessoryShadowView.m */ = {isa = PBXFileReference; lastKnownFileType = sourcecode.c.objc; name = RCTInputAccessoryShadowView.m; path = MicroBlog_RN/RCTInputAccessoryShadowView.m; sourceTree = "<group>"; };
		4B719C372E63B0D6006D4E7D /* UIBarButtonItem+Plainify.h */ = {isa = PBXFileReference; lastKnownFileType = sourcecode.c.h; name = "UIBarButtonItem+Plainify.h"; path = "MicroBlog_RN/UIBarButtonItem+Plainify.h"; sourceTree = "<group>"; };
		4B719C382E63B0D6006D4E7D /* UIBarButtonItem+Plainify.m */ = {isa = PBXFileReference; lastKnownFileType = sourcecode.c.objc; name = "UIBarButtonItem+Plainify.m"; path = "MicroBlog_RN/UIBarButtonItem+Plainify.m"; sourceTree = "<group>"; };
		4B7619CF29EC9E7A0030A495 /* MBHighlightingTextView.h */ = {isa = PBXFileReference; lastKnownFileType = sourcecode.c.h; name = MBHighlightingTextView.h; path = MicroBlog_RN/MBHighlightingTextView.h; sourceTree = "<group>"; };
		4B7619D029EC9E7A0030A495 /* MBHighlightingTextView.m */ = {isa = PBXFileReference; lastKnownFileType = sourcecode.c.objc; name = MBHighlightingTextView.m; path = MicroBlog_RN/MBHighlightingTextView.m; sourceTree = "<group>"; };
		4B8CE8AA2A1FCC69006D79CF /* GetURL.js */ = {isa = PBXFileReference; lastKnownFileType = sourcecode.javascript; path = GetURL.js; sourceTree = "<group>"; };
		4BB0A45E2DFCA4DC00900B0B /* MBClipboardHelper.h */ = {isa = PBXFileReference; lastKnownFileType = sourcecode.c.h; name = MBClipboardHelper.h; path = MicroBlog_RN/MBClipboardHelper.h; sourceTree = "<group>"; };
		4BB0A45F2DFCA4DC00900B0B /* MBClipboardHelper.m */ = {isa = PBXFileReference; lastKnownFileType = sourcecode.c.objc; name = MBClipboardHelper.m; path = MicroBlog_RN/MBClipboardHelper.m; sourceTree = "<group>"; };
		7A1AD34313DED25C45B534DA /* libPods-MicroBlog_RN.a */ = {isa = PBXFileReference; explicitFileType = archive.ar; includeInIndex = 0; path = "libPods-MicroBlog_RN.a"; sourceTree = BUILT_PRODUCTS_DIR; };
		7F4610A1564E937F6AF1CE21 /* Pods-MicroBlog_RN.release.xcconfig */ = {isa = PBXFileReference; includeInIndex = 1; lastKnownFileType = text.xcconfig; name = "Pods-MicroBlog_RN.release.xcconfig"; path = "Target Support Files/Pods-MicroBlog_RN/Pods-MicroBlog_RN.release.xcconfig"; sourceTree = "<group>"; };
		81AB9BB72411601600AC10FF /* LaunchScreen.storyboard */ = {isa = PBXFileReference; fileEncoding = 4; lastKnownFileType = file.storyboard; name = LaunchScreen.storyboard; path = MicroBlog_RN/LaunchScreen.storyboard; sourceTree = "<group>"; };
		961AB331816A548D082E9A56 /* ExpoModulesProvider.swift */ = {isa = PBXFileReference; includeInIndex = 1; lastKnownFileType = sourcecode.swift; name = ExpoModulesProvider.swift; path = "Pods/Target Support Files/Pods-MicroBlog_RN-MicroBlog_Share/ExpoModulesProvider.swift"; sourceTree = "<group>"; };
		ABD2A85EB6981953D0A18909 /* Pods-MicroBlog_RN-MicroBlog_Share.debug.xcconfig */ = {isa = PBXFileReference; includeInIndex = 1; lastKnownFileType = text.xcconfig; name = "Pods-MicroBlog_RN-MicroBlog_Share.debug.xcconfig"; path = "Target Support Files/Pods-MicroBlog_RN-MicroBlog_Share/Pods-MicroBlog_RN-MicroBlog_Share.debug.xcconfig"; sourceTree = "<group>"; };
		ADCF007C5134030FD80BBAC8 /* ExpoModulesProvider.swift */ = {isa = PBXFileReference; includeInIndex = 1; lastKnownFileType = sourcecode.swift; name = ExpoModulesProvider.swift; path = "Pods/Target Support Files/Pods-MicroBlog_RN/ExpoModulesProvider.swift"; sourceTree = "<group>"; };
		BF76CC3D2E8E980900F61FC2 /* AppDelegate.swift */ = {isa = PBXFileReference; lastKnownFileType = sourcecode.swift; name = AppDelegate.swift; path = MicroBlog_RN/AppDelegate.swift; sourceTree = "<group>"; };
		E42EEA474A635F48DFBD7F51 /* Pods-MicroBlog_RN-MicroBlog_Share.release.xcconfig */ = {isa = PBXFileReference; includeInIndex = 1; lastKnownFileType = text.xcconfig; name = "Pods-MicroBlog_RN-MicroBlog_Share.release.xcconfig"; path = "Target Support Files/Pods-MicroBlog_RN-MicroBlog_Share/Pods-MicroBlog_RN-MicroBlog_Share.release.xcconfig"; sourceTree = "<group>"; };
		ED297162215061F000B7C4FE /* JavaScriptCore.framework */ = {isa = PBXFileReference; lastKnownFileType = wrapper.framework; name = JavaScriptCore.framework; path = System/Library/Frameworks/JavaScriptCore.framework; sourceTree = SDKROOT; };
/* End PBXFileReference section */

/* Begin PBXFrameworksBuildPhase section */
		0221AB2129D42C1500838597 /* Frameworks */ = {
			isa = PBXFrameworksBuildPhase;
			buildActionMask = 2147483647;
			files = (
				0059A6FAA82F4F1F1C73AB32 /* libPods-MicroBlog_RN-MicroBlog_Share.a in Frameworks */,
			);
			runOnlyForDeploymentPostprocessing = 0;
		};
		13B07F8C1A680F5B00A75B9A /* Frameworks */ = {
			isa = PBXFrameworksBuildPhase;
			buildActionMask = 2147483647;
			files = (
				8C619CFF939F9E33E65A6DAA /* libPods-MicroBlog_RN.a in Frameworks */,
			);
			runOnlyForDeploymentPostprocessing = 0;
		};
/* End PBXFrameworksBuildPhase section */

/* Begin PBXGroup section */
		0221AB2529D42C1500838597 /* MicroBlog_Share */ = {
			isa = PBXGroup;
			children = (
				0221AB3729D4327B00838597 /* ReactShareViewController.swift */,
				0221AB3629D4307300838597 /* MicroBlog_Share.entitlements */,
				0221AB3429D42CE500838597 /* ShareViewController.swift */,
				0221AB2829D42C1500838597 /* MainInterface.storyboard */,
				0221AB2B29D42C1500838597 /* Info.plist */,
				0221AB3329D42CE400838597 /* MicroBlog_Share-Bridging-Header.h */,
				4B8CE8AA2A1FCC69006D79CF /* GetURL.js */,
			);
			path = MicroBlog_Share;
			sourceTree = "<group>";
		};
		13B07FAE1A68108700A75B9A /* MicroBlog_RN */ = {
			isa = PBXGroup;
			children = (
				02F5714D28C028CD0055509F /* MicroBlog_RN.entitlements */,
				4B7619CF29EC9E7A0030A495 /* MBHighlightingTextView.h */,
				4B7619D029EC9E7A0030A495 /* MBHighlightingTextView.m */,
				4B1233D229ECCC0100174307 /* MBHighlightingTextManager.h */,
				4B1233D329ECCC0100174307 /* MBHighlightingTextManager.m */,
				4B1233D629ECD7D200174307 /* MBHighlightingTextStorage.h */,
				4B1233D529ECD7D200174307 /* MBHighlightingTextStorage.m */,
				4BB0A45E2DFCA4DC00900B0B /* MBClipboardHelper.h */,
				4BB0A45F2DFCA4DC00900B0B /* MBClipboardHelper.m */,
				4B06FCA629FABD0800E97371 /* UIScrollViewDelegate+Zooming.h */,
				4B06FCA729FABD0800E97371 /* UIScrollViewDelegate+Zooming.m */,
				4B719C372E63B0D6006D4E7D /* UIBarButtonItem+Plainify.h */,
				4B719C382E63B0D6006D4E7D /* UIBarButtonItem+Plainify.m */,
				4B3498652AE86AA900233BA2 /* RCTInputAccessoryShadowView.h */,
				4B3498662AE86AA900233BA2 /* RCTInputAccessoryShadowView.m */,
				13B07FB51A68108700A75B9A /* Images.xcassets */,
				13B07FB61A68108700A75B9A /* Info.plist */,
				81AB9BB72411601600AC10FF /* LaunchScreen.storyboard */,
				02A72C7B2C2AB086006EF653 /* PrivacyInfo.xcprivacy */,
				BF76CC3D2E8E980900F61FC2 /* AppDelegate.swift */,
			);
			name = MicroBlog_RN;
			sourceTree = "<group>";
		};
		2D16E6871FA4F8E400B85C8A /* Frameworks */ = {
			isa = PBXGroup;
			children = (
				ED297162215061F000B7C4FE /* JavaScriptCore.framework */,
				7A1AD34313DED25C45B534DA /* libPods-MicroBlog_RN.a */,
				156D7347EAC1139B8679B1FD /* libPods-MicroBlog_RN-MicroBlog_Share.a */,
			);
			name = Frameworks;
			sourceTree = "<group>";
		};
		36F6F6821FE1FC286555CA3B /* MicroBlog_RN */ = {
			isa = PBXGroup;
			children = (
				ADCF007C5134030FD80BBAC8 /* ExpoModulesProvider.swift */,
			);
			name = MicroBlog_RN;
			sourceTree = "<group>";
		};
		40B014C54BC01310B7B6295D /* Pods */ = {
			isa = PBXGroup;
			children = (
				47E9C7DD11A09B7944E82B75 /* Pods-MicroBlog_RN.debug.xcconfig */,
				7F4610A1564E937F6AF1CE21 /* Pods-MicroBlog_RN.release.xcconfig */,
				ABD2A85EB6981953D0A18909 /* Pods-MicroBlog_RN-MicroBlog_Share.debug.xcconfig */,
				E42EEA474A635F48DFBD7F51 /* Pods-MicroBlog_RN-MicroBlog_Share.release.xcconfig */,
			);
			path = Pods;
			sourceTree = "<group>";
		};
		832341AE1AAA6A7D00B99B32 /* Libraries */ = {
			isa = PBXGroup;
			children = (
			);
			name = Libraries;
			sourceTree = "<group>";
		};
		83CBB9F61A601CBA00E9B192 = {
			isa = PBXGroup;
			children = (
				0251EE452716191A00B475D5 /* File.swift */,
				13B07FAE1A68108700A75B9A /* MicroBlog_RN */,
				832341AE1AAA6A7D00B99B32 /* Libraries */,
				0221AB2529D42C1500838597 /* MicroBlog_Share */,
				83CBBA001A601CBA00E9B192 /* Products */,
				2D16E6871FA4F8E400B85C8A /* Frameworks */,
				40B014C54BC01310B7B6295D /* Pods */,
				0251EE442716191900B475D5 /* MicroBlog_RN-Bridging-Header.h */,
				FAF53891EDA949F2323885FA /* ExpoModulesProviders */,
			);
			indentWidth = 2;
			sourceTree = "<group>";
			tabWidth = 2;
			usesTabs = 0;
		};
		83CBBA001A601CBA00E9B192 /* Products */ = {
			isa = PBXGroup;
			children = (
				13B07F961A680F5B00A75B9A /* MicroBlog_RN.app */,
				0221AB2429D42C1500838597 /* MicroBlog_Share.appex */,
			);
			name = Products;
			sourceTree = "<group>";
		};
		FAF53891EDA949F2323885FA /* ExpoModulesProviders */ = {
			isa = PBXGroup;
			children = (
				36F6F6821FE1FC286555CA3B /* MicroBlog_RN */,
				FFC9B65B91E063221C5C261D /* MicroBlog_Share */,
			);
			name = ExpoModulesProviders;
			sourceTree = "<group>";
		};
		FFC9B65B91E063221C5C261D /* MicroBlog_Share */ = {
			isa = PBXGroup;
			children = (
				961AB331816A548D082E9A56 /* ExpoModulesProvider.swift */,
			);
			name = MicroBlog_Share;
			sourceTree = "<group>";
		};
/* End PBXGroup section */

/* Begin PBXNativeTarget section */
		0221AB2329D42C1500838597 /* MicroBlog_Share */ = {
			isa = PBXNativeTarget;
			buildConfigurationList = 0221AB2F29D42C1500838597 /* Build configuration list for PBXNativeTarget "MicroBlog_Share" */;
			buildPhases = (
				4D1BBC01CD4A443A4FB1B850 /* [CP] Check Pods Manifest.lock */,
				EDCD1D1395C1DEE14C352BA9 /* [Expo] Configure project */,
				0221AB2029D42C1500838597 /* Sources */,
				0221AB2129D42C1500838597 /* Frameworks */,
				0221AB2229D42C1500838597 /* Resources */,
				0221AB3929D433D300838597 /* Bundle React Native code and images */,
				D154E38C221C432FADA5DD56 /* [CP] Copy Pods Resources */,
			);
			buildRules = (
			);
			dependencies = (
			);
			name = MicroBlog_Share;
			productName = MicroBlog_Share;
			productReference = 0221AB2429D42C1500838597 /* MicroBlog_Share.appex */;
			productType = "com.apple.product-type.app-extension";
		};
		13B07F861A680F5B00A75B9A /* MicroBlog_RN */ = {
			isa = PBXNativeTarget;
			buildConfigurationList = 13B07F931A680F5B00A75B9A /* Build configuration list for PBXNativeTarget "MicroBlog_RN" */;
			buildPhases = (
				993BFA2DC71DB1F379D2A371 /* [CP] Check Pods Manifest.lock */,
				FD10A7F022414F080027D42C /* Start Packager */,
				2D8EC8CE127AA4FC6BFF25AF /* [Expo] Configure project */,
				13B07F871A680F5B00A75B9A /* Sources */,
				13B07F8C1A680F5B00A75B9A /* Frameworks */,
				13B07F8E1A680F5B00A75B9A /* Resources */,
				00DD1BFF1BD5951E006B06BC /* Bundle React Native code and images */,
				0221AB3229D42C1500838597 /* Embed Foundation Extensions */,
				5EF13E64DE20741BC70B39CC /* [CP] Embed Pods Frameworks */,
				C91A887A9379E8844DA52119 /* [CP] Copy Pods Resources */,
			);
			buildRules = (
			);
			dependencies = (
				0221AB2D29D42C1500838597 /* PBXTargetDependency */,
			);
			name = MicroBlog_RN;
			productName = MicroBlog_RN;
			productReference = 13B07F961A680F5B00A75B9A /* MicroBlog_RN.app */;
			productType = "com.apple.product-type.application";
		};
/* End PBXNativeTarget section */

/* Begin PBXProject section */
		83CBB9F71A601CBA00E9B192 /* Project object */ = {
			isa = PBXProject;
			attributes = {
				LastSwiftUpdateCheck = 1420;
				LastUpgradeCheck = 1210;
				TargetAttributes = {
					0221AB2329D42C1500838597 = {
						CreatedOnToolsVersion = 14.2;
						LastSwiftMigration = 1420;
					};
					13B07F861A680F5B00A75B9A = {
						LastSwiftMigration = 1300;
					};
				};
			};
			buildConfigurationList = 83CBB9FA1A601CBA00E9B192 /* Build configuration list for PBXProject "MicroBlog_RN" */;
			compatibilityVersion = "Xcode 12.0";
			developmentRegion = en;
			hasScannedForEncodings = 0;
			knownRegions = (
				en,
				Base,
			);
			mainGroup = 83CBB9F61A601CBA00E9B192;
			productRefGroup = 83CBBA001A601CBA00E9B192 /* Products */;
			projectDirPath = "";
			projectRoot = "";
			targets = (
				13B07F861A680F5B00A75B9A /* MicroBlog_RN */,
				0221AB2329D42C1500838597 /* MicroBlog_Share */,
			);
		};
/* End PBXProject section */

/* Begin PBXResourcesBuildPhase section */
		0221AB2229D42C1500838597 /* Resources */ = {
			isa = PBXResourcesBuildPhase;
			buildActionMask = 2147483647;
			files = (
				4BAA745F2A24E78700953D91 /* Images.xcassets in Resources */,
				0221AB2A29D42C1500838597 /* MainInterface.storyboard in Resources */,
				02A72C7D2C2AB086006EF653 /* PrivacyInfo.xcprivacy in Resources */,
				4B8CE8AB2A1FCC69006D79CF /* GetURL.js in Resources */,
			);
			runOnlyForDeploymentPostprocessing = 0;
		};
		13B07F8E1A680F5B00A75B9A /* Resources */ = {
			isa = PBXResourcesBuildPhase;
			buildActionMask = 2147483647;
			files = (
				02A72C7C2C2AB086006EF653 /* PrivacyInfo.xcprivacy in Resources */,
				81AB9BB82411601600AC10FF /* LaunchScreen.storyboard in Resources */,
				13B07FBF1A68108700A75B9A /* Images.xcassets in Resources */,
			);
			runOnlyForDeploymentPostprocessing = 0;
		};
/* End PBXResourcesBuildPhase section */

/* Begin PBXShellScriptBuildPhase section */
		00DD1BFF1BD5951E006B06BC /* Bundle React Native code and images */ = {
			isa = PBXShellScriptBuildPhase;
			buildActionMask = 2147483647;
			files = (
			);
			inputPaths = (
			);
			name = "Bundle React Native code and images";
			outputPaths = (
			);
			runOnlyForDeploymentPostprocessing = 0;
			shellPath = /bin/sh;
			shellScript = "if [[ -f \"$PODS_ROOT/../.xcode.env\" ]]; then\n  source \"$PODS_ROOT/../.xcode.env\"\nfi\nif [[ -f \"$PODS_ROOT/../.xcode.env.local\" ]]; then\n  source \"$PODS_ROOT/../.xcode.env.local\"\nfi\n\n# The project root by default is one level up from the ios directory\nexport PROJECT_ROOT=\"$PROJECT_DIR\"/..\n\nif [[ \"$CONFIGURATION\" = *Debug* ]]; then\n  export SKIP_BUNDLING=1\nfi\nif [[ -z \"$ENTRY_FILE\" ]]; then\n  # Set the entry JS file using the bundler's entry resolution.\n  export ENTRY_FILE=\"$(\"$NODE_BINARY\" -e \"require('expo/scripts/resolveAppEntry')\" \"$PROJECT_ROOT\" ios absolute | tail -n 1)\"\nfi\n\nif [[ -z \"$CLI_PATH\" ]]; then\n  # Use Expo CLI\n  export CLI_PATH=\"$(\"$NODE_BINARY\" --print \"require.resolve('@expo/cli')\")\"\nfi\nif [[ -z \"$BUNDLE_COMMAND\" ]]; then\n  # Default Expo CLI command for bundling\n  export BUNDLE_COMMAND=\"export:embed\"\nfi\n\n`\"$NODE_BINARY\" --print \"require('path').dirname(require.resolve('react-native/package.json')) + '/scripts/react-native-xcode.sh'\"`\n";
		};
		0221AB3929D433D300838597 /* Bundle React Native code and images */ = {
			isa = PBXShellScriptBuildPhase;
			buildActionMask = 2147483647;
			files = (
			);
			inputFileListPaths = (
			);
			inputPaths = (
			);
			name = "Bundle React Native code and images";
			outputFileListPaths = (
			);
			outputPaths = (
			);
			runOnlyForDeploymentPostprocessing = 0;
			shellPath = /bin/sh;
			shellScript = "if [[ -f \"$PODS_ROOT/../.xcode.env\" ]]; then\n  source \"$PODS_ROOT/../.xcode.env\"\nfi\nif [[ -f \"$PODS_ROOT/../.xcode.env.local\" ]]; then\n  source \"$PODS_ROOT/../.xcode.env.local\"\nfi\n\n# The project root by default is one level up from the ios directory\nexport PROJECT_ROOT=\"$PROJECT_DIR\"/..\n\nif [[ \"$CONFIGURATION\" = *Debug* ]]; then\n  export SKIP_BUNDLING=1\nfi\nif [[ -z \"$ENTRY_FILE\" ]]; then\n  # Set the entry JS file using the bundler's entry resolution.\n  export ENTRY_FILE=\"$(\"$NODE_BINARY\" -e \"require('expo/scripts/resolveAppEntry')\" \"$PROJECT_ROOT\" ios absolute | tail -n 1)\"\nfi\n\nif [[ -z \"$CLI_PATH\" ]]; then\n  # Use Expo CLI\n  export CLI_PATH=\"$(\"$NODE_BINARY\" --print \"require.resolve('@expo/cli')\")\"\nfi\nif [[ -z \"$BUNDLE_COMMAND\" ]]; then\n  # Default Expo CLI command for bundling\n  export BUNDLE_COMMAND=\"export:embed\"\nfi\n\n`\"$NODE_BINARY\" --print \"require('path').dirname(require.resolve('react-native/package.json')) + '/scripts/react-native-xcode.sh'\"`\n";
		};
		2D8EC8CE127AA4FC6BFF25AF /* [Expo] Configure project */ = {
			isa = PBXShellScriptBuildPhase;
			alwaysOutOfDate = 1;
			buildActionMask = 2147483647;
			files = (
			);
			inputFileListPaths = (
			);
			inputPaths = (
			);
			name = "[Expo] Configure project";
			outputFileListPaths = (
			);
			outputPaths = (
			);
			runOnlyForDeploymentPostprocessing = 0;
			shellPath = /bin/sh;
			shellScript = "# This script configures Expo modules and generates the modules provider file.\nbash -l -c \"./Pods/Target\\ Support\\ Files/Pods-MicroBlog_RN/expo-configure-project.sh\"\n";
		};
		4D1BBC01CD4A443A4FB1B850 /* [CP] Check Pods Manifest.lock */ = {
			isa = PBXShellScriptBuildPhase;
			buildActionMask = 2147483647;
			files = (
			);
			inputFileListPaths = (
			);
			inputPaths = (
				"${PODS_PODFILE_DIR_PATH}/Podfile.lock",
				"${PODS_ROOT}/Manifest.lock",
			);
			name = "[CP] Check Pods Manifest.lock";
			outputFileListPaths = (
			);
			outputPaths = (
				"$(DERIVED_FILE_DIR)/Pods-MicroBlog_RN-MicroBlog_Share-checkManifestLockResult.txt",
			);
			runOnlyForDeploymentPostprocessing = 0;
			shellPath = /bin/sh;
			shellScript = "diff \"${PODS_PODFILE_DIR_PATH}/Podfile.lock\" \"${PODS_ROOT}/Manifest.lock\" > /dev/null\nif [ $? != 0 ] ; then\n    # print error to STDERR\n    echo \"error: The sandbox is not in sync with the Podfile.lock. Run 'pod install' or update your CocoaPods installation.\" >&2\n    exit 1\nfi\n# This output is used by Xcode 'outputs' to avoid re-running this script phase.\necho \"SUCCESS\" > \"${SCRIPT_OUTPUT_FILE_0}\"\n";
			showEnvVarsInLog = 0;
		};
		5EF13E64DE20741BC70B39CC /* [CP] Embed Pods Frameworks */ = {
			isa = PBXShellScriptBuildPhase;
			buildActionMask = 2147483647;
			files = (
			);
			inputFileListPaths = (
				"${PODS_ROOT}/Target Support Files/Pods-MicroBlog_RN/Pods-MicroBlog_RN-frameworks-${CONFIGURATION}-input-files.xcfilelist",
			);
			inputPaths = (
			);
			name = "[CP] Embed Pods Frameworks";
			outputFileListPaths = (
				"${PODS_ROOT}/Target Support Files/Pods-MicroBlog_RN/Pods-MicroBlog_RN-frameworks-${CONFIGURATION}-output-files.xcfilelist",
			);
			outputPaths = (
			);
			runOnlyForDeploymentPostprocessing = 0;
			shellPath = /bin/sh;
			shellScript = "\"${PODS_ROOT}/Target Support Files/Pods-MicroBlog_RN/Pods-MicroBlog_RN-frameworks.sh\"\n";
			showEnvVarsInLog = 0;
		};
		993BFA2DC71DB1F379D2A371 /* [CP] Check Pods Manifest.lock */ = {
			isa = PBXShellScriptBuildPhase;
			buildActionMask = 2147483647;
			files = (
			);
			inputFileListPaths = (
			);
			inputPaths = (
				"${PODS_PODFILE_DIR_PATH}/Podfile.lock",
				"${PODS_ROOT}/Manifest.lock",
			);
			name = "[CP] Check Pods Manifest.lock";
			outputFileListPaths = (
			);
			outputPaths = (
				"$(DERIVED_FILE_DIR)/Pods-MicroBlog_RN-checkManifestLockResult.txt",
			);
			runOnlyForDeploymentPostprocessing = 0;
			shellPath = /bin/sh;
			shellScript = "diff \"${PODS_PODFILE_DIR_PATH}/Podfile.lock\" \"${PODS_ROOT}/Manifest.lock\" > /dev/null\nif [ $? != 0 ] ; then\n    # print error to STDERR\n    echo \"error: The sandbox is not in sync with the Podfile.lock. Run 'pod install' or update your CocoaPods installation.\" >&2\n    exit 1\nfi\n# This output is used by Xcode 'outputs' to avoid re-running this script phase.\necho \"SUCCESS\" > \"${SCRIPT_OUTPUT_FILE_0}\"\n";
			showEnvVarsInLog = 0;
		};
		C91A887A9379E8844DA52119 /* [CP] Copy Pods Resources */ = {
			isa = PBXShellScriptBuildPhase;
			buildActionMask = 2147483647;
			files = (
			);
			inputFileListPaths = (
				"${PODS_ROOT}/Target Support Files/Pods-MicroBlog_RN/Pods-MicroBlog_RN-resources-${CONFIGURATION}-input-files.xcfilelist",
			);
			inputPaths = (
			);
			name = "[CP] Copy Pods Resources";
			outputFileListPaths = (
				"${PODS_ROOT}/Target Support Files/Pods-MicroBlog_RN/Pods-MicroBlog_RN-resources-${CONFIGURATION}-output-files.xcfilelist",
			);
			outputPaths = (
			);
			runOnlyForDeploymentPostprocessing = 0;
			shellPath = /bin/sh;
			shellScript = "\"${PODS_ROOT}/Target Support Files/Pods-MicroBlog_RN/Pods-MicroBlog_RN-resources.sh\"\n";
			showEnvVarsInLog = 0;
		};
		D154E38C221C432FADA5DD56 /* [CP] Copy Pods Resources */ = {
			isa = PBXShellScriptBuildPhase;
			buildActionMask = 2147483647;
			files = (
			);
			inputFileListPaths = (
				"${PODS_ROOT}/Target Support Files/Pods-MicroBlog_RN-MicroBlog_Share/Pods-MicroBlog_RN-MicroBlog_Share-resources-${CONFIGURATION}-input-files.xcfilelist",
			);
			inputPaths = (
			);
			name = "[CP] Copy Pods Resources";
			outputFileListPaths = (
				"${PODS_ROOT}/Target Support Files/Pods-MicroBlog_RN-MicroBlog_Share/Pods-MicroBlog_RN-MicroBlog_Share-resources-${CONFIGURATION}-output-files.xcfilelist",
			);
			outputPaths = (
			);
			runOnlyForDeploymentPostprocessing = 0;
			shellPath = /bin/sh;
			shellScript = "\"${PODS_ROOT}/Target Support Files/Pods-MicroBlog_RN-MicroBlog_Share/Pods-MicroBlog_RN-MicroBlog_Share-resources.sh\"\n";
			showEnvVarsInLog = 0;
		};
		EDCD1D1395C1DEE14C352BA9 /* [Expo] Configure project */ = {
			isa = PBXShellScriptBuildPhase;
			alwaysOutOfDate = 1;
			buildActionMask = 2147483647;
			files = (
			);
			inputFileListPaths = (
			);
			inputPaths = (
			);
			name = "[Expo] Configure project";
			outputFileListPaths = (
			);
			outputPaths = (
			);
			runOnlyForDeploymentPostprocessing = 0;
			shellPath = /bin/sh;
			shellScript = "# This script configures Expo modules and generates the modules provider file.\nbash -l -c \"./Pods/Target\\ Support\\ Files/Pods-MicroBlog_RN-MicroBlog_Share/expo-configure-project.sh\"\n";
		};
		FD10A7F022414F080027D42C /* Start Packager */ = {
			isa = PBXShellScriptBuildPhase;
			buildActionMask = 2147483647;
			files = (
			);
			inputFileListPaths = (
			);
			inputPaths = (
			);
			name = "Start Packager";
			outputFileListPaths = (
			);
			outputPaths = (
			);
			runOnlyForDeploymentPostprocessing = 0;
			shellPath = /bin/sh;
			shellScript = "if [[ -f \"$PODS_ROOT/../.xcode.env\" ]]; then\n  source \"$PODS_ROOT/../.xcode.env\"\nfi\nif [[ -f \"$PODS_ROOT/../.xcode.env.local\" ]]; then\n  source \"$PODS_ROOT/../.xcode.env.local\"\nfi\n\nexport RCT_METRO_PORT=\"${RCT_METRO_PORT:=8081}\"\necho \"export RCT_METRO_PORT=${RCT_METRO_PORT}\" > `$NODE_BINARY --print \"require('path').dirname(require.resolve('react-native/package.json')) + '/scripts/.packager.env'\"`\nif [ -z \"${RCT_NO_LAUNCH_PACKAGER+xxx}\" ] ; then\n  if nc -w 5 -z localhost ${RCT_METRO_PORT} ; then\n    if ! curl -s \"http://localhost:${RCT_METRO_PORT}/status\" | grep -q \"packager-status:running\" ; then\n      echo \"Port ${RCT_METRO_PORT} already in use, packager is either not running or not running correctly\"\n      exit 2\n    fi\n  else\n    open `$NODE_BINARY --print \"require('path').dirname(require.resolve('expo/package.json')) + '/scripts/launchPackager.command'\"` || echo \"Can't start packager automatically\"\n  fi\nfi\n";
			showEnvVarsInLog = 0;
		};
/* End PBXShellScriptBuildPhase section */

/* Begin PBXSourcesBuildPhase section */
		0221AB2029D42C1500838597 /* Sources */ = {
			isa = PBXSourcesBuildPhase;
			buildActionMask = 2147483647;
			files = (
				0221AB3829D4327B00838597 /* ReactShareViewController.swift in Sources */,
				4B7619D229EC9E7A0030A495 /* MBHighlightingTextView.m in Sources */,
				4B3498682AE86AA900233BA2 /* RCTInputAccessoryShadowView.m in Sources */,
				4BB0A4612DFCA4DC00900B0B /* MBClipboardHelper.m in Sources */,
				4B1233D829ECD7D200174307 /* MBHighlightingTextStorage.m in Sources */,
				0221AB3529D42CE500838597 /* ShareViewController.swift in Sources */,
				4BAA745E2A24E56500953D91 /* MBHighlightingTextManager.m in Sources */,
				4B719C392E63B0D6006D4E7D /* UIBarButtonItem+Plainify.m in Sources */,
				2837C73874E55DEB2797484F /* ExpoModulesProvider.swift in Sources */,
			);
			runOnlyForDeploymentPostprocessing = 0;
		};
		13B07F871A680F5B00A75B9A /* Sources */ = {
			isa = PBXSourcesBuildPhase;
			buildActionMask = 2147483647;
			files = (
				4B7619D129EC9E7A0030A495 /* MBHighlightingTextView.m in Sources */,
				4BB0A4602DFCA4DC00900B0B /* MBClipboardHelper.m in Sources */,
				4B1233D729ECD7D200174307 /* MBHighlightingTextStorage.m in Sources */,
				4B1233D429ECCC0100174307 /* MBHighlightingTextManager.m in Sources */,
				0251EE462716191A00B475D5 /* File.swift in Sources */,
				4B06FCA829FABD0800E97371 /* UIScrollViewDelegate+Zooming.m in Sources */,
				4B719C3A2E63B0D6006D4E7D /* UIBarButtonItem+Plainify.m in Sources */,
				4B3498672AE86AA900233BA2 /* RCTInputAccessoryShadowView.m in Sources */,
				BF76CC3E2E8E980900F61FC2 /* AppDelegate.swift in Sources */,
				28E40035B1E151C13639876C /* ExpoModulesProvider.swift in Sources */,
			);
			runOnlyForDeploymentPostprocessing = 0;
		};
/* End PBXSourcesBuildPhase section */

/* Begin PBXTargetDependency section */
		0221AB2D29D42C1500838597 /* PBXTargetDependency */ = {
			isa = PBXTargetDependency;
			target = 0221AB2329D42C1500838597 /* MicroBlog_Share */;
			targetProxy = 0221AB2C29D42C1500838597 /* PBXContainerItemProxy */;
		};
/* End PBXTargetDependency section */

/* Begin PBXVariantGroup section */
		0221AB2829D42C1500838597 /* MainInterface.storyboard */ = {
			isa = PBXVariantGroup;
			children = (
				0221AB2929D42C1500838597 /* Base */,
			);
			name = MainInterface.storyboard;
			sourceTree = "<group>";
		};
/* End PBXVariantGroup section */

/* Begin XCBuildConfiguration section */
		0221AB3029D42C1500838597 /* Debug */ = {
			isa = XCBuildConfiguration;
			baseConfigurationReference = ABD2A85EB6981953D0A18909 /* Pods-MicroBlog_RN-MicroBlog_Share.debug.xcconfig */;
			buildSettings = {
				CLANG_ANALYZER_NONNULL = YES;
				CLANG_ANALYZER_NUMBER_OBJECT_CONVERSION = YES_AGGRESSIVE;
				CLANG_CXX_LANGUAGE_STANDARD = "gnu++20";
				CLANG_ENABLE_MODULES = YES;
				CLANG_ENABLE_OBJC_WEAK = YES;
				CLANG_WARN_DOCUMENTATION_COMMENTS = YES;
				CLANG_WARN_UNGUARDED_AVAILABILITY = YES_AGGRESSIVE;
				CODE_SIGN_ENTITLEMENTS = MicroBlog_Share/MicroBlog_Share.entitlements;
				CODE_SIGN_STYLE = Automatic;
				CURRENT_PROJECT_VERSION = 390;
				DEBUG_INFORMATION_FORMAT = dwarf;
				DEVELOPMENT_TEAM = 3F9MDJ6K4E;
				GCC_C_LANGUAGE_STANDARD = gnu11;
				GENERATE_INFOPLIST_FILE = YES;
				INFOPLIST_FILE = MicroBlog_Share/Info.plist;
				INFOPLIST_KEY_CFBundleDisplayName = MicroBlog_Share;
				INFOPLIST_KEY_NSHumanReadableCopyright = "";
				IPHONEOS_DEPLOYMENT_TARGET = 15.6;
				LD_RUNPATH_SEARCH_PATHS = (
					"$(inherited)",
					"@executable_path/Frameworks",
					"@executable_path/../../Frameworks",
				);
				MARKETING_VERSION = 3.6;
				MTL_ENABLE_DEBUG_INFO = INCLUDE_SOURCE;
				MTL_FAST_MATH = YES;
				OTHER_SWIFT_FLAGS = "$(inherited) -D EXPO_CONFIGURATION_DEBUG";
				PRODUCT_BUNDLE_IDENTIFIER = "blog.micro.ios.MicroBlog-Share";
				PRODUCT_NAME = "$(TARGET_NAME)";
				SKIP_INSTALL = YES;
				SUPPORTED_PLATFORMS = "iphoneos iphonesimulator";
				SUPPORTS_MACCATALYST = NO;
				SUPPORTS_MAC_DESIGNED_FOR_IPHONE_IPAD = NO;
				SUPPORTS_XR_DESIGNED_FOR_IPHONE_IPAD = NO;
				SWIFT_ACTIVE_COMPILATION_CONDITIONS = DEBUG;
				SWIFT_EMIT_LOC_STRINGS = YES;
				SWIFT_OBJC_BRIDGING_HEADER = "MicroBlog_Share/MicroBlog_Share-Bridging-Header.h";
				SWIFT_OPTIMIZATION_LEVEL = "-Onone";
				SWIFT_VERSION = 5.0;
				TARGETED_DEVICE_FAMILY = "1,2";
			};
			name = Debug;
		};
		0221AB3129D42C1500838597 /* Release */ = {
			isa = XCBuildConfiguration;
			baseConfigurationReference = E42EEA474A635F48DFBD7F51 /* Pods-MicroBlog_RN-MicroBlog_Share.release.xcconfig */;
			buildSettings = {
				CLANG_ANALYZER_NONNULL = YES;
				CLANG_ANALYZER_NUMBER_OBJECT_CONVERSION = YES_AGGRESSIVE;
				CLANG_CXX_LANGUAGE_STANDARD = "gnu++20";
				CLANG_ENABLE_MODULES = YES;
				CLANG_ENABLE_OBJC_WEAK = YES;
				CLANG_WARN_DOCUMENTATION_COMMENTS = YES;
				CLANG_WARN_UNGUARDED_AVAILABILITY = YES_AGGRESSIVE;
				CODE_SIGN_ENTITLEMENTS = MicroBlog_Share/MicroBlog_Share.entitlements;
				CODE_SIGN_STYLE = Automatic;
				COPY_PHASE_STRIP = NO;
				CURRENT_PROJECT_VERSION = 390;
				DEBUG_INFORMATION_FORMAT = "dwarf-with-dsym";
				DEVELOPMENT_TEAM = 3F9MDJ6K4E;
				GCC_C_LANGUAGE_STANDARD = gnu11;
				GENERATE_INFOPLIST_FILE = YES;
				INFOPLIST_FILE = MicroBlog_Share/Info.plist;
				INFOPLIST_KEY_CFBundleDisplayName = MicroBlog_Share;
				INFOPLIST_KEY_NSHumanReadableCopyright = "";
				IPHONEOS_DEPLOYMENT_TARGET = 15.6;
				LD_RUNPATH_SEARCH_PATHS = (
					"$(inherited)",
					"@executable_path/Frameworks",
					"@executable_path/../../Frameworks",
				);
				MARKETING_VERSION = 3.6;
				MTL_FAST_MATH = YES;
				OTHER_SWIFT_FLAGS = "$(inherited) -D EXPO_CONFIGURATION_RELEASE";
				PRODUCT_BUNDLE_IDENTIFIER = "blog.micro.ios.MicroBlog-Share";
				PRODUCT_NAME = "$(TARGET_NAME)";
				SKIP_INSTALL = YES;
				SUPPORTED_PLATFORMS = "iphoneos iphonesimulator";
				SUPPORTS_MACCATALYST = NO;
				SUPPORTS_MAC_DESIGNED_FOR_IPHONE_IPAD = NO;
				SUPPORTS_XR_DESIGNED_FOR_IPHONE_IPAD = NO;
				SWIFT_COMPILATION_MODE = wholemodule;
				SWIFT_EMIT_LOC_STRINGS = YES;
				SWIFT_OBJC_BRIDGING_HEADER = "MicroBlog_Share/MicroBlog_Share-Bridging-Header.h";
				SWIFT_OPTIMIZATION_LEVEL = "-O";
				SWIFT_VERSION = 5.0;
				TARGETED_DEVICE_FAMILY = "1,2";
			};
			name = Release;
		};
		13B07F941A680F5B00A75B9A /* Debug */ = {
			isa = XCBuildConfiguration;
			baseConfigurationReference = 47E9C7DD11A09B7944E82B75 /* Pods-MicroBlog_RN.debug.xcconfig */;
			buildSettings = {
				ALWAYS_EMBED_SWIFT_STANDARD_LIBRARIES = YES;
				ASSETCATALOG_COMPILER_APPICON_NAME = AppIcon;
				CLANG_ENABLE_MODULES = YES;
				CODE_SIGN_ENTITLEMENTS = MicroBlog_RN/MicroBlog_RN.entitlements;
				CURRENT_PROJECT_VERSION = 390;
				DEVELOPMENT_TEAM = 3F9MDJ6K4E;
				ENABLE_BITCODE = NO;
				INFOPLIST_FILE = MicroBlog_RN/Info.plist;
				IPHONEOS_DEPLOYMENT_TARGET = 15.6;
				LD_RUNPATH_SEARCH_PATHS = (
					"$(inherited)",
					"@executable_path/Frameworks",
				);
				MARKETING_VERSION = 3.6;
				OTHER_LDFLAGS = (
					"$(inherited)",
					"-ObjC",
					"-lc++",
				);
				OTHER_SWIFT_FLAGS = "$(inherited) -D EXPO_CONFIGURATION_DEBUG";
				PRODUCT_BUNDLE_IDENTIFIER = blog.micro.ios;
				PRODUCT_NAME = MicroBlog_RN;
				SUPPORTED_PLATFORMS = "iphoneos iphonesimulator";
				SUPPORTS_MACCATALYST = NO;
				SUPPORTS_MAC_DESIGNED_FOR_IPHONE_IPAD = NO;
				SUPPORTS_XR_DESIGNED_FOR_IPHONE_IPAD = NO;
				SWIFT_OBJC_BRIDGING_HEADER = "MicroBlog_RN-Bridging-Header.h";
				SWIFT_OPTIMIZATION_LEVEL = "-Onone";
				SWIFT_VERSION = 5.0;
				TARGETED_DEVICE_FAMILY = "1,2";
				VERSIONING_SYSTEM = "apple-generic";
			};
			name = Debug;
		};
		13B07F951A680F5B00A75B9A /* Release */ = {
			isa = XCBuildConfiguration;
			baseConfigurationReference = 7F4610A1564E937F6AF1CE21 /* Pods-MicroBlog_RN.release.xcconfig */;
			buildSettings = {
				ALWAYS_EMBED_SWIFT_STANDARD_LIBRARIES = YES;
				ASSETCATALOG_COMPILER_APPICON_NAME = AppIcon;
				CLANG_ENABLE_MODULES = YES;
				CODE_SIGN_ENTITLEMENTS = MicroBlog_RN/MicroBlog_RN.entitlements;
				CURRENT_PROJECT_VERSION = 390;
				DEVELOPMENT_TEAM = 3F9MDJ6K4E;
				INFOPLIST_FILE = MicroBlog_RN/Info.plist;
				IPHONEOS_DEPLOYMENT_TARGET = 15.6;
				LD_RUNPATH_SEARCH_PATHS = (
					"$(inherited)",
					"@executable_path/Frameworks",
				);
				MARKETING_VERSION = 3.6;
				OTHER_LDFLAGS = (
					"$(inherited)",
					"-ObjC",
					"-lc++",
				);
				OTHER_SWIFT_FLAGS = "$(inherited) -D EXPO_CONFIGURATION_RELEASE";
				PRODUCT_BUNDLE_IDENTIFIER = blog.micro.ios;
				PRODUCT_NAME = MicroBlog_RN;
				SUPPORTED_PLATFORMS = "iphoneos iphonesimulator";
				SUPPORTS_MACCATALYST = NO;
				SUPPORTS_MAC_DESIGNED_FOR_IPHONE_IPAD = NO;
				SUPPORTS_XR_DESIGNED_FOR_IPHONE_IPAD = NO;
				SWIFT_OBJC_BRIDGING_HEADER = "MicroBlog_RN-Bridging-Header.h";
				SWIFT_VERSION = 5.0;
				TARGETED_DEVICE_FAMILY = "1,2";
				VERSIONING_SYSTEM = "apple-generic";
			};
			name = Release;
		};
		83CBBA201A601CBA00E9B192 /* Debug */ = {
			isa = XCBuildConfiguration;
			buildSettings = {
				ALWAYS_SEARCH_USER_PATHS = NO;
				CC = "";
				CLANG_ANALYZER_LOCALIZABILITY_NONLOCALIZED = YES;
				CLANG_CXX_LANGUAGE_STANDARD = "c++20";
				CLANG_CXX_LIBRARY = "libc++";
				CLANG_ENABLE_MODULES = YES;
				CLANG_ENABLE_OBJC_ARC = YES;
				CLANG_WARN_BLOCK_CAPTURE_AUTORELEASING = YES;
				CLANG_WARN_BOOL_CONVERSION = YES;
				CLANG_WARN_COMMA = YES;
				CLANG_WARN_CONSTANT_CONVERSION = YES;
				CLANG_WARN_DEPRECATED_OBJC_IMPLEMENTATIONS = YES;
				CLANG_WARN_DIRECT_OBJC_ISA_USAGE = YES_ERROR;
				CLANG_WARN_EMPTY_BODY = YES;
				CLANG_WARN_ENUM_CONVERSION = YES;
				CLANG_WARN_INFINITE_RECURSION = YES;
				CLANG_WARN_INT_CONVERSION = YES;
				CLANG_WARN_NON_LITERAL_NULL_CONVERSION = YES;
				CLANG_WARN_OBJC_IMPLICIT_RETAIN_SELF = YES;
				CLANG_WARN_OBJC_LITERAL_CONVERSION = YES;
				CLANG_WARN_OBJC_ROOT_CLASS = YES_ERROR;
				CLANG_WARN_QUOTED_INCLUDE_IN_FRAMEWORK_HEADER = YES;
				CLANG_WARN_RANGE_LOOP_ANALYSIS = YES;
				CLANG_WARN_STRICT_PROTOTYPES = YES;
				CLANG_WARN_SUSPICIOUS_MOVE = YES;
				CLANG_WARN_UNREACHABLE_CODE = YES;
				CLANG_WARN__DUPLICATE_METHOD_MATCH = YES;
				"CODE_SIGN_IDENTITY[sdk=iphoneos*]" = "iPhone Developer";
				COPY_PHASE_STRIP = NO;
				CXX = "";
				ENABLE_STRICT_OBJC_MSGSEND = YES;
				ENABLE_TESTABILITY = YES;
				"EXCLUDED_ARCHS[sdk=iphonesimulator*]" = i386;
				GCC_C_LANGUAGE_STANDARD = gnu99;
				GCC_DYNAMIC_NO_PIC = NO;
				GCC_NO_COMMON_BLOCKS = YES;
				GCC_OPTIMIZATION_LEVEL = 0;
				GCC_PREPROCESSOR_DEFINITIONS = (
					"DEBUG=1",
					"$(inherited)",
				);
				GCC_SYMBOLS_PRIVATE_EXTERN = NO;
				GCC_WARN_64_TO_32_BIT_CONVERSION = YES;
				GCC_WARN_ABOUT_RETURN_TYPE = YES_ERROR;
				GCC_WARN_UNDECLARED_SELECTOR = YES;
				GCC_WARN_UNINITIALIZED_AUTOS = YES_AGGRESSIVE;
				GCC_WARN_UNUSED_FUNCTION = YES;
				GCC_WARN_UNUSED_VARIABLE = YES;
				IPHONEOS_DEPLOYMENT_TARGET = 15.1;
				LD = "";
				LDPLUSPLUS = "";
				LD_RUNPATH_SEARCH_PATHS = (
					/usr/lib/swift,
					"$(inherited)",
				);
				LIBRARY_SEARCH_PATHS = (
					"$(SDKROOT)/usr/lib/swift",
					"\"$(TOOLCHAIN_DIR)/usr/lib/swift/$(PLATFORM_NAME)\"",
					"\"$(inherited)\"",
				);
				MTL_ENABLE_DEBUG_INFO = YES;
				ONLY_ACTIVE_ARCH = YES;
				OTHER_CFLAGS = "$(inherited)";
				OTHER_CPLUSPLUSFLAGS = "$(inherited)";
				OTHER_LDFLAGS = "$(inherited)  ";
				REACT_NATIVE_PATH = "${PODS_ROOT}/../../node_modules/react-native";
				SDKROOT = iphoneos;
				SWIFT_ACTIVE_COMPILATION_CONDITIONS = "$(inherited) DEBUG";
				SWIFT_VERSION = 5.0;
				USE_HERMES = true;
			};
			name = Debug;
		};
		83CBBA211A601CBA00E9B192 /* Release */ = {
			isa = XCBuildConfiguration;
			buildSettings = {
				ALWAYS_SEARCH_USER_PATHS = NO;
				CC = "";
				CLANG_ANALYZER_LOCALIZABILITY_NONLOCALIZED = YES;
				CLANG_CXX_LANGUAGE_STANDARD = "c++20";
				CLANG_CXX_LIBRARY = "libc++";
				CLANG_ENABLE_MODULES = YES;
				CLANG_ENABLE_OBJC_ARC = YES;
				CLANG_WARN_BLOCK_CAPTURE_AUTORELEASING = YES;
				CLANG_WARN_BOOL_CONVERSION = YES;
				CLANG_WARN_COMMA = YES;
				CLANG_WARN_CONSTANT_CONVERSION = YES;
				CLANG_WARN_DEPRECATED_OBJC_IMPLEMENTATIONS = YES;
				CLANG_WARN_DIRECT_OBJC_ISA_USAGE = YES_ERROR;
				CLANG_WARN_EMPTY_BODY = YES;
				CLANG_WARN_ENUM_CONVERSION = YES;
				CLANG_WARN_INFINITE_RECURSION = YES;
				CLANG_WARN_INT_CONVERSION = YES;
				CLANG_WARN_NON_LITERAL_NULL_CONVERSION = YES;
				CLANG_WARN_OBJC_IMPLICIT_RETAIN_SELF = YES;
				CLANG_WARN_OBJC_LITERAL_CONVERSION = YES;
				CLANG_WARN_OBJC_ROOT_CLASS = YES_ERROR;
				CLANG_WARN_QUOTED_INCLUDE_IN_FRAMEWORK_HEADER = YES;
				CLANG_WARN_RANGE_LOOP_ANALYSIS = YES;
				CLANG_WARN_STRICT_PROTOTYPES = YES;
				CLANG_WARN_SUSPICIOUS_MOVE = YES;
				CLANG_WARN_UNREACHABLE_CODE = YES;
				CLANG_WARN__DUPLICATE_METHOD_MATCH = YES;
				"CODE_SIGN_IDENTITY[sdk=iphoneos*]" = "iPhone Developer";
				COPY_PHASE_STRIP = YES;
				CXX = "";
				ENABLE_NS_ASSERTIONS = NO;
				ENABLE_STRICT_OBJC_MSGSEND = YES;
				"EXCLUDED_ARCHS[sdk=iphonesimulator*]" = i386;
				GCC_C_LANGUAGE_STANDARD = gnu99;
				GCC_NO_COMMON_BLOCKS = YES;
				GCC_WARN_64_TO_32_BIT_CONVERSION = YES;
				GCC_WARN_ABOUT_RETURN_TYPE = YES_ERROR;
				GCC_WARN_UNDECLARED_SELECTOR = YES;
				GCC_WARN_UNINITIALIZED_AUTOS = YES_AGGRESSIVE;
				GCC_WARN_UNUSED_FUNCTION = YES;
				GCC_WARN_UNUSED_VARIABLE = YES;
				IPHONEOS_DEPLOYMENT_TARGET = 15.1;
				LD = "";
				LDPLUSPLUS = "";
				LD_RUNPATH_SEARCH_PATHS = (
					/usr/lib/swift,
					"$(inherited)",
				);
				LIBRARY_SEARCH_PATHS = (
					"$(SDKROOT)/usr/lib/swift",
					"\"$(TOOLCHAIN_DIR)/usr/lib/swift/$(PLATFORM_NAME)\"",
					"\"$(inherited)\"",
				);
				MTL_ENABLE_DEBUG_INFO = NO;
				OTHER_CFLAGS = "$(inherited)";
				OTHER_CPLUSPLUSFLAGS = "$(inherited)";
				OTHER_LDFLAGS = "$(inherited)  ";
				REACT_NATIVE_PATH = "${PODS_ROOT}/../../node_modules/react-native";
				SDKROOT = iphoneos;
				SWIFT_VERSION = 5.0;
				USE_HERMES = true;
				VALIDATE_PRODUCT = YES;
			};
			name = Release;
		};
/* End XCBuildConfiguration section */

/* Begin XCConfigurationList section */
		0221AB2F29D42C1500838597 /* Build configuration list for PBXNativeTarget "MicroBlog_Share" */ = {
			isa = XCConfigurationList;
			buildConfigurations = (
				0221AB3029D42C1500838597 /* Debug */,
				0221AB3129D42C1500838597 /* Release */,
			);
			defaultConfigurationIsVisible = 0;
			defaultConfigurationName = Release;
		};
		13B07F931A680F5B00A75B9A /* Build configuration list for PBXNativeTarget "MicroBlog_RN" */ = {
			isa = XCConfigurationList;
			buildConfigurations = (
				13B07F941A680F5B00A75B9A /* Debug */,
				13B07F951A680F5B00A75B9A /* Release */,
			);
			defaultConfigurationIsVisible = 0;
			defaultConfigurationName = Release;
		};
		83CBB9FA1A601CBA00E9B192 /* Build configuration list for PBXProject "MicroBlog_RN" */ = {
			isa = XCConfigurationList;
			buildConfigurations = (
				83CBBA201A601CBA00E9B192 /* Debug */,
				83CBBA211A601CBA00E9B192 /* Release */,
			);
			defaultConfigurationIsVisible = 0;
			defaultConfigurationName = Release;
		};
/* End XCConfigurationList section */
	};
	rootObject = 83CBB9F71A601CBA00E9B192 /* Project object */;
}
